
Microsoft Visual Studio Solution File, Format Version 12.00
# Visual Studio Version 16
VisualStudioVersion = 16.0.30011.22
MinimumVisualStudioVersion = 10.0.40219.1
Project("{FAE04EC0-301F-11D3-BF4B-00C04F79EFBC}") = "BookListRazor", "BookListRazor\BookListRazor.csproj", "{90F5C67A-DFEF-418A-A231-08830CF1E88B}"
EndProject
Global
	GlobalSection(SolutionConfigurationPlatforms) = preSolution
		Debug|Any CPU = Debug|Any CPU
		Release|Any CPU = Release|Any CPU
	EndGlobalSection
	GlobalSection(ProjectConfigurationPlatforms) = postSolution
		{90F5C67A-DFEF-418A-A231-08830CF1E88B}.Debug|Any CPU.ActiveCfg = Debug|Any CPU
		{90F5C67A-DFEF-418A-A231-08830CF1E88B}.Debug|Any CPU.Build.0 = Debug|Any CPU
		{90F5C67A-DFEF-418A-A231-08830CF1E88B}.Release|Any CPU.ActiveCfg = Release|Any CPU
		{90F5C67A-DFEF-418A-A231-08830CF1E88B}.Release|Any CPU.Build.0 = Release|Any CPU
	EndGlobalSection
	GlobalSection(SolutionProperties) = preSolution
		HideSolutionNode = FALSE
	EndGlobalSection
	GlobalSection(ExtensibilityGlobals) = postSolution
		SolutionGuid = {85BBE399-1406-4A4B-B44F-1CA89E9F5E1D}
	EndGlobalSection
EndGlobal
